
Microsoft Visual Studio Solution File, Format Version 12.00
# Visual Studio Version 16
VisualStudioVersion = 16.0.30804.86
MinimumVisualStudioVersion = 10.0.40219.1
Project("{9A19103F-16F7-4668-BE54-9A1E7A4F7556}") = "KampIntro", "Kampintro\KampIntro.csproj", "{1D665C0A-E40E-47A6-A790-9B4A743F3F63}"
EndProject
Project("{9A19103F-16F7-4668-BE54-9A1E7A4F7556}") = "Donguler", "Donguler\Donguler.csproj", "{00C8BA7D-0215-4A5D-B9A1-36CED539BE22}"
EndProject
Project("{9A19103F-16F7-4668-BE54-9A1E7A4F7556}") = "ClassIntro", "Classintro\ClassIntro.csproj", "{EB2FC3C4-8443-42E3-A799-61F886267C99}"
EndProject
Project("{9A19103F-16F7-4668-BE54-9A1E7A4F7556}") = "Metotlar", "Metotlar\Metotlar.csproj", "{E6C1358C-CE7D-4234-838A-34971D9440F3}"
EndProject
Project("{9A19103F-16F7-4668-BE54-9A1E7A4F7556}") = "Matematik", "Matematik\Matematik.csproj", "{AD17F8F6-8F19-4C83-9542-F718DBFE6D54}"
EndProject
Project("{9A19103F-16F7-4668-BE54-9A1E7A4F7556}") = "DegerVeReferansTipler", "DegerVeReferansTipler\DegerVeReferansTipler.csproj", "{BCF2C7E1-2944-4AE2-81CF-E289B8DCC46A}"
EndProject
Project("{9A19103F-16F7-4668-BE54-9A1E7A4F7556}") = "OOP1", "OOP1\OOP1.csproj", "{627E8284-164E-4FC3-B34C-6853B99F7890}"
EndProject
Project("{9A19103F-16F7-4668-BE54-9A1E7A4F7556}") = "Koleksiyonlar", "Koleksiyonlar\Koleksiyonlar.csproj", "{7A4A9623-5AEB-47A5-93C3-774386BD758D}"
EndProject
Project("{9A19103F-16F7-4668-BE54-9A1E7A4F7556}") = "GenericsIntro", "GenericsIntro\GenericsIntro.csproj", "{8885F0C1-FCAA-4978-A42C-0959958C56F3}"
EndProject
Project("{FAE04EC0-301F-11D3-BF4B-00C04F79EFBC}") = "OOP2", "OOP2\OOP2.csproj", "{831E6F72-15B4-4D7C-BE90-7FD7E240B7B4}"
EndProject
Project("{FAE04EC0-301F-11D3-BF4B-00C04F79EFBC}") = "OOP3", "OOP3\OOP3.csproj", "{1C6E3A3C-8534-4590-8A5C-543B48401066}"
EndProject
Global
	GlobalSection(SolutionConfigurationPlatforms) = preSolution
		Debug|Any CPU = Debug|Any CPU
		Release|Any CPU = Release|Any CPU
	EndGlobalSection
	GlobalSection(ProjectConfigurationPlatforms) = postSolution
		{1D665C0A-E40E-47A6-A790-9B4A743F3F63}.Debug|Any CPU.ActiveCfg = Debug|Any CPU
		{1D665C0A-E40E-47A6-A790-9B4A743F3F63}.Debug|Any CPU.Build.0 = Debug|Any CPU
		{1D665C0A-E40E-47A6-A790-9B4A743F3F63}.Release|Any CPU.ActiveCfg = Release|Any CPU
		{1D665C0A-E40E-47A6-A790-9B4A743F3F63}.Release|Any CPU.Build.0 = Release|Any CPU
		{00C8BA7D-0215-4A5D-B9A1-36CED539BE22}.Debug|Any CPU.ActiveCfg = Debug|Any CPU
		{00C8BA7D-0215-4A5D-B9A1-36CED539BE22}.Debug|Any CPU.Build.0 = Debug|Any CPU
		{00C8BA7D-0215-4A5D-B9A1-36CED539BE22}.Release|Any CPU.ActiveCfg = Release|Any CPU
		{00C8BA7D-0215-4A5D-B9A1-36CED539BE22}.Release|Any CPU.Build.0 = Release|Any CPU
		{EB2FC3C4-8443-42E3-A799-61F886267C99}.Debug|Any CPU.ActiveCfg = Debug|Any CPU
		{EB2FC3C4-8443-42E3-A799-61F886267C99}.Debug|Any CPU.Build.0 = Debug|Any CPU
		{EB2FC3C4-8443-42E3-A799-61F886267C99}.Release|Any CPU.ActiveCfg = Release|Any CPU
		{EB2FC3C4-8443-42E3-A799-61F886267C99}.Release|Any CPU.Build.0 = Release|Any CPU
		{E6C1358C-CE7D-4234-838A-34971D9440F3}.Debug|Any CPU.ActiveCfg = Debug|Any CPU
		{E6C1358C-CE7D-4234-838A-34971D9440F3}.Debug|Any CPU.Build.0 = Debug|Any CPU
		{E6C1358C-CE7D-4234-838A-34971D9440F3}.Release|Any CPU.ActiveCfg = Release|Any CPU
		{E6C1358C-CE7D-4234-838A-34971D9440F3}.Release|Any CPU.Build.0 = Release|Any CPU
		{AD17F8F6-8F19-4C83-9542-F718DBFE6D54}.Debug|Any CPU.ActiveCfg = Debug|Any CPU
		{AD17F8F6-8F19-4C83-9542-F718DBFE6D54}.Debug|Any CPU.Build.0 = Debug|Any CPU
		{AD17F8F6-8F19-4C83-9542-F718DBFE6D54}.Release|Any CPU.ActiveCfg = Release|Any CPU
		{AD17F8F6-8F19-4C83-9542-F718DBFE6D54}.Release|Any CPU.Build.0 = Release|Any CPU
		{BCF2C7E1-2944-4AE2-81CF-E289B8DCC46A}.Debug|Any CPU.ActiveCfg = Debug|Any CPU
		{BCF2C7E1-2944-4AE2-81CF-E289B8DCC46A}.Debug|Any CPU.Build.0 = Debug|Any CPU
		{BCF2C7E1-2944-4AE2-81CF-E289B8DCC46A}.Release|Any CPU.ActiveCfg = Release|Any CPU
		{BCF2C7E1-2944-4AE2-81CF-E289B8DCC46A}.Release|Any CPU.Build.0 = Release|Any CPU
		{627E8284-164E-4FC3-B34C-6853B99F7890}.Debug|Any CPU.ActiveCfg = Debug|Any CPU
		{627E8284-164E-4FC3-B34C-6853B99F7890}.Debug|Any CPU.Build.0 = Debug|Any CPU
		{627E8284-164E-4FC3-B34C-6853B99F7890}.Release|Any CPU.ActiveCfg = Release|Any CPU
		{627E8284-164E-4FC3-B34C-6853B99F7890}.Release|Any CPU.Build.0 = Release|Any CPU
		{7A4A9623-5AEB-47A5-93C3-774386BD758D}.Debug|Any CPU.ActiveCfg = Debug|Any CPU
		{7A4A9623-5AEB-47A5-93C3-774386BD758D}.Debug|Any CPU.Build.0 = Debug|Any CPU
		{7A4A9623-5AEB-47A5-93C3-774386BD758D}.Release|Any CPU.ActiveCfg = Release|Any CPU
		{7A4A9623-5AEB-47A5-93C3-774386BD758D}.Release|Any CPU.Build.0 = Release|Any CPU
		{8885F0C1-FCAA-4978-A42C-0959958C56F3}.Debug|Any CPU.ActiveCfg = Debug|Any CPU
		{8885F0C1-FCAA-4978-A42C-0959958C56F3}.Debug|Any CPU.Build.0 = Debug|Any CPU
		{8885F0C1-FCAA-4978-A42C-0959958C56F3}.Release|Any CPU.ActiveCfg = Release|Any CPU
		{8885F0C1-FCAA-4978-A42C-0959958C56F3}.Release|Any CPU.Build.0 = Release|Any CPU
		{831E6F72-15B4-4D7C-BE90-7FD7E240B7B4}.Debug|Any CPU.ActiveCfg = Debug|Any CPU
		{831E6F72-15B4-4D7C-BE90-7FD7E240B7B4}.Debug|Any CPU.Build.0 = Debug|Any CPU
		{831E6F72-15B4-4D7C-BE90-7FD7E240B7B4}.Release|Any CPU.ActiveCfg = Release|Any CPU
		{831E6F72-15B4-4D7C-BE90-7FD7E240B7B4}.Release|Any CPU.Build.0 = Release|Any CPU
		{1C6E3A3C-8534-4590-8A5C-543B48401066}.Debug|Any CPU.ActiveCfg = Debug|Any CPU
		{1C6E3A3C-8534-4590-8A5C-543B48401066}.Debug|Any CPU.Build.0 = Debug|Any CPU
		{1C6E3A3C-8534-4590-8A5C-543B48401066}.Release|Any CPU.ActiveCfg = Release|Any CPU
		{1C6E3A3C-8534-4590-8A5C-543B48401066}.Release|Any CPU.Build.0 = Release|Any CPU
	EndGlobalSection
	GlobalSection(SolutionProperties) = preSolution
		HideSolutionNode = FALSE
	EndGlobalSection
	GlobalSection(ExtensibilityGlobals) = postSolution
		SolutionGuid = {34468D53-62E4-44F6-9207-08555D946BD9}
	EndGlobalSection
EndGlobal
